<?xml version="1.0" encoding="UTF-8" standalone="yes" ?>
<CodeBlocks_project_file>
   <FileVersion major="1" minor="6" />
   <Project>
      <Option title="LogicTest" />
      <Option makefile_is_custom="1" />
      <Option compiler="gcc" />
      <Option virtualFolders="CMake Files\;" />
      <Build>
      <Target title="all">
         <Option working_dir="/media/hz/work/git/pclib/linux_build" />
         <Option type="4" />
         <MakeCommands>
            <Build command="/usr/bin/make -f &quot;/media/hz/work/git/pclib/linux_build/Makefile&quot;  VERBOSE=1 all" />
            <CompileFile command="/usr/bin/make -f &quot;/media/hz/work/git/pclib/linux_build/Makefile&quot;  VERBOSE=1 &quot;$file&quot;" />
            <Clean command="/usr/bin/make -f &quot;/media/hz/work/git/pclib/linux_build/Makefile&quot;  VERBOSE=1 clean" />
            <DistClean command="/usr/bin/make -f &quot;/media/hz/work/git/pclib/linux_build/Makefile&quot;  VERBOSE=1 clean" />
         </MakeCommands>
      </Target>
      <Target title="edit_cache">
         <Option working_dir="/media/hz/work/git/pclib/linux_build" />
         <Option type="4" />
         <MakeCommands>
            <Build command="/usr/bin/make -f &quot;/media/hz/work/git/pclib/linux_build/Makefile&quot;  VERBOSE=1 edit_cache" />
            <CompileFile command="/usr/bin/make -f &quot;/media/hz/work/git/pclib/linux_build/Makefile&quot;  VERBOSE=1 &quot;$file&quot;" />
            <Clean command="/usr/bin/make -f &quot;/media/hz/work/git/pclib/linux_build/Makefile&quot;  VERBOSE=1 clean" />
            <DistClean command="/usr/bin/make -f &quot;/media/hz/work/git/pclib/linux_build/Makefile&quot;  VERBOSE=1 clean" />
         </MakeCommands>
      </Target>
      <Target title="rebuild_cache">
         <Option working_dir="/media/hz/work/git/pclib/linux_build" />
         <Option type="4" />
         <MakeCommands>
            <Build command="/usr/bin/make -f &quot;/media/hz/work/git/pclib/linux_build/Makefile&quot;  VERBOSE=1 rebuild_cache" />
            <CompileFile command="/usr/bin/make -f &quot;/media/hz/work/git/pclib/linux_build/Makefile&quot;  VERBOSE=1 &quot;$file&quot;" />
            <Clean command="/usr/bin/make -f &quot;/media/hz/work/git/pclib/linux_build/Makefile&quot;  VERBOSE=1 clean" />
            <DistClean command="/usr/bin/make -f &quot;/media/hz/work/git/pclib/linux_build/Makefile&quot;  VERBOSE=1 clean" />
         </MakeCommands>
      </Target>
      <Target title="LogicTest">
         <Option output="/media/hz/work/git/pclib/bin/LogicTest" prefix_auto="0" extension_auto="0" />
         <Option working_dir="/media/hz/work/git/pclib/bin/" />
         <Option object_output="./" />
         <Option type="1" />
         <Option compiler="gcc" />
         <Compiler>
            <Add directory="/media/hz/work/git/pclib/src" />
            <Add directory="/media/hz/work/git/pclib/src/openssl-1.0.1t/include" />
            <Add directory="/usr/include" />
            <Add directory="/usr/include/c++/5" />
            <Add directory="/usr/include/c++/5/backward" />
            <Add directory="/usr/include/x86_64-linux-gnu" />
            <Add directory="/usr/include/x86_64-linux-gnu/c++/5" />
            <Add directory="/usr/lib/gcc/x86_64-linux-gnu/5/include" />
            <Add directory="/usr/lib/gcc/x86_64-linux-gnu/5/include-fixed" />
            <Add directory="/usr/local/include" />
         </Compiler>
         <MakeCommands>
            <Build command="/usr/bin/make -f &quot;/media/hz/work/git/pclib/linux_build/Makefile&quot;  VERBOSE=1 LogicTest" />
            <CompileFile command="/usr/bin/make -f &quot;/media/hz/work/git/pclib/linux_build/Makefile&quot;  VERBOSE=1 &quot;$file&quot;" />
            <Clean command="/usr/bin/make -f &quot;/media/hz/work/git/pclib/linux_build/Makefile&quot;  VERBOSE=1 clean" />
            <DistClean command="/usr/bin/make -f &quot;/media/hz/work/git/pclib/linux_build/Makefile&quot;  VERBOSE=1 clean" />
         </MakeCommands>
      </Target>
      <Target title="LogicTest/fast">
         <Option output="/media/hz/work/git/pclib/bin/LogicTest" prefix_auto="0" extension_auto="0" />
         <Option working_dir="/media/hz/work/git/pclib/bin/" />
         <Option object_output="./" />
         <Option type="1" />
         <Option compiler="gcc" />
         <Compiler>
            <Add directory="/media/hz/work/git/pclib/src" />
            <Add directory="/media/hz/work/git/pclib/src/openssl-1.0.1t/include" />
            <Add directory="/usr/include" />
            <Add directory="/usr/include/c++/5" />
            <Add directory="/usr/include/c++/5/backward" />
            <Add directory="/usr/include/x86_64-linux-gnu" />
            <Add directory="/usr/include/x86_64-linux-gnu/c++/5" />
            <Add directory="/usr/lib/gcc/x86_64-linux-gnu/5/include" />
            <Add directory="/usr/lib/gcc/x86_64-linux-gnu/5/include-fixed" />
            <Add directory="/usr/local/include" />
         </Compiler>
         <MakeCommands>
            <Build command="/usr/bin/make -f &quot;/media/hz/work/git/pclib/linux_build/Makefile&quot;  VERBOSE=1 LogicTest/fast" />
            <CompileFile command="/usr/bin/make -f &quot;/media/hz/work/git/pclib/linux_build/Makefile&quot;  VERBOSE=1 &quot;$file&quot;" />
            <Clean command="/usr/bin/make -f &quot;/media/hz/work/git/pclib/linux_build/Makefile&quot;  VERBOSE=1 clean" />
            <DistClean command="/usr/bin/make -f &quot;/media/hz/work/git/pclib/linux_build/Makefile&quot;  VERBOSE=1 clean" />
         </MakeCommands>
      </Target>
      </Build>
      <Unit filename="/media/hz/work/git/pclib/src/PC__Main.cpp">
         <Option target="LogicTest"/>
      </Unit>
      <Unit filename="/media/hz/work/git/pclib/src/pclib/PCBlockingQueue.cpp">
         <Option target="LogicTest"/>
      </Unit>
      <Unit filename="/media/hz/work/git/pclib/src/pclib/PCBlockingQueue.h">
         <Option target="LogicTest"/>
      </Unit>
      <Unit filename="/media/hz/work/git/pclib/src/pclib/PCBuffer.cpp">
         <Option target="LogicTest"/>
      </Unit>
      <Unit filename="/media/hz/work/git/pclib/src/pclib/PCBuffer.h">
         <Option target="LogicTest"/>
      </Unit>
      <Unit filename="/media/hz/work/git/pclib/src/pclib/PCConfig.cpp">
         <Option target="LogicTest"/>
      </Unit>
      <Unit filename="/media/hz/work/git/pclib/src/pclib/PCConfig.h">
         <Option target="LogicTest"/>
      </Unit>
      <Unit filename="/media/hz/work/git/pclib/src/pclib/PCLock.cpp">
         <Option target="LogicTest"/>
      </Unit>
      <Unit filename="/media/hz/work/git/pclib/src/pclib/PCLock.h">
         <Option target="LogicTest"/>
      </Unit>
      <Unit filename="/media/hz/work/git/pclib/src/pclib/PCLog.cpp">
         <Option target="LogicTest"/>
      </Unit>
      <Unit filename="/media/hz/work/git/pclib/src/pclib/PCLog.h">
         <Option target="LogicTest"/>
      </Unit>
      <Unit filename="/media/hz/work/git/pclib/src/pclib/PCMemory.cpp">
         <Option target="LogicTest"/>
      </Unit>
      <Unit filename="/media/hz/work/git/pclib/src/pclib/PCMemory.h">
         <Option target="LogicTest"/>
      </Unit>
      <Unit filename="/media/hz/work/git/pclib/src/pclib/PCRandom.cpp">
         <Option target="LogicTest"/>
      </Unit>
      <Unit filename="/media/hz/work/git/pclib/src/pclib/PCRandom.h">
         <Option target="LogicTest"/>
      </Unit>
      <Unit filename="/media/hz/work/git/pclib/src/pclib/PCService_Win.cpp">
         <Option target="LogicTest"/>
      </Unit>
      <Unit filename="/media/hz/work/git/pclib/src/pclib/PCService_Win.h">
         <Option target="LogicTest"/>
      </Unit>
      <Unit filename="/media/hz/work/git/pclib/src/pclib/PCTcpPoller.cpp">
         <Option target="LogicTest"/>
      </Unit>
      <Unit filename="/media/hz/work/git/pclib/src/pclib/PCTcpPoller.h">
         <Option target="LogicTest"/>
      </Unit>
      <Unit filename="/media/hz/work/git/pclib/src/pclib/PCTcpSockHandle.cpp">
         <Option target="LogicTest"/>
      </Unit>
      <Unit filename="/media/hz/work/git/pclib/src/pclib/PCTcpSockHandle.h">
         <Option target="LogicTest"/>
      </Unit>
      <Unit filename="/media/hz/work/git/pclib/src/pclib/PCThread.cpp">
         <Option target="LogicTest"/>
      </Unit>
      <Unit filename="/media/hz/work/git/pclib/src/pclib/PCThread.h">
         <Option target="LogicTest"/>
      </Unit>
      <Unit filename="/media/hz/work/git/pclib/src/pclib/PCTimeValue.cpp">
         <Option target="LogicTest"/>
      </Unit>
      <Unit filename="/media/hz/work/git/pclib/src/pclib/PCTimeValue.h">
         <Option target="LogicTest"/>
      </Unit>
      <Unit filename="/media/hz/work/git/pclib/src/pclib/PCUtilCheckSum.cpp">
         <Option target="LogicTest"/>
      </Unit>
      <Unit filename="/media/hz/work/git/pclib/src/pclib/PCUtilCheckSum.h">
         <Option target="LogicTest"/>
      </Unit>
      <Unit filename="/media/hz/work/git/pclib/src/pclib/PCUtilFirewall_Win.cpp">
         <Option target="LogicTest"/>
      </Unit>
      <Unit filename="/media/hz/work/git/pclib/src/pclib/PCUtilFirewall_Win.h">
         <Option target="LogicTest"/>
      </Unit>
      <Unit filename="/media/hz/work/git/pclib/src/pclib/PCUtilMisc_Linux.cpp">
         <Option target="LogicTest"/>
      </Unit>
      <Unit filename="/media/hz/work/git/pclib/src/pclib/PCUtilMisc_Linux.h">
         <Option target="LogicTest"/>
      </Unit>
      <Unit filename="/media/hz/work/git/pclib/src/pclib/PCUtilMisc_Win.cpp">
         <Option target="LogicTest"/>
      </Unit>
      <Unit filename="/media/hz/work/git/pclib/src/pclib/PCUtilMisc_Win.h">
         <Option target="LogicTest"/>
      </Unit>
      <Unit filename="/media/hz/work/git/pclib/src/pclib/PCUtilNetwork.cpp">
         <Option target="LogicTest"/>
      </Unit>
      <Unit filename="/media/hz/work/git/pclib/src/pclib/PCUtilNetwork.h">
         <Option target="LogicTest"/>
      </Unit>
      <Unit filename="/media/hz/work/git/pclib/src/pclib/PCUtilString.cpp">
         <Option target="LogicTest"/>
      </Unit>
      <Unit filename="/media/hz/work/git/pclib/src/pclib/PCUtilString.h">
         <Option target="LogicTest"/>
      </Unit>
      <Unit filename="/media/hz/work/git/pclib/src/pclib/PCUtilSymEncrypt.cpp">
         <Option target="LogicTest"/>
      </Unit>
      <Unit filename="/media/hz/work/git/pclib/src/pclib/PCUtilSymEncrypt.h">
         <Option target="LogicTest"/>
      </Unit>
      <Unit filename="/media/hz/work/git/pclib/src/pclib/PCUtilSystem.cpp">
         <Option target="LogicTest"/>
      </Unit>
      <Unit filename="/media/hz/work/git/pclib/src/pclib/PCUtilSystem.h">
         <Option target="LogicTest"/>
      </Unit>
      <Unit filename="/media/hz/work/git/pclib/src/pclib/PC_Lib.cpp">
         <Option target="LogicTest"/>
      </Unit>
      <Unit filename="/media/hz/work/git/pclib/src/pclib/PC_Lib.h">
         <Option target="LogicTest"/>
      </Unit>
      <Unit filename="/media/hz/work/git/pclib/src/zlib-1.2.8/adler32.c">
         <Option target="LogicTest"/>
      </Unit>
      <Unit filename="/media/hz/work/git/pclib/src/zlib-1.2.8/compress.c">
         <Option target="LogicTest"/>
      </Unit>
      <Unit filename="/media/hz/work/git/pclib/src/zlib-1.2.8/crc32.c">
         <Option target="LogicTest"/>
      </Unit>
      <Unit filename="/media/hz/work/git/pclib/src/zlib-1.2.8/crc32.h">
         <Option target="LogicTest"/>
      </Unit>
      <Unit filename="/media/hz/work/git/pclib/src/zlib-1.2.8/deflate.c">
         <Option target="LogicTest"/>
      </Unit>
      <Unit filename="/media/hz/work/git/pclib/src/zlib-1.2.8/deflate.h">
         <Option target="LogicTest"/>
      </Unit>
      <Unit filename="/media/hz/work/git/pclib/src/zlib-1.2.8/gzclose.c">
         <Option target="LogicTest"/>
      </Unit>
      <Unit filename="/media/hz/work/git/pclib/src/zlib-1.2.8/gzlib.c">
         <Option target="LogicTest"/>
      </Unit>
      <Unit filename="/media/hz/work/git/pclib/src/zlib-1.2.8/gzread.c">
         <Option target="LogicTest"/>
      </Unit>
      <Unit filename="/media/hz/work/git/pclib/src/zlib-1.2.8/gzwrite.c">
         <Option target="LogicTest"/>
      </Unit>
      <Unit filename="/media/hz/work/git/pclib/src/zlib-1.2.8/infback.c">
         <Option target="LogicTest"/>
      </Unit>
      <Unit filename="/media/hz/work/git/pclib/src/zlib-1.2.8/inffast.c">
         <Option target="LogicTest"/>
      </Unit>
      <Unit filename="/media/hz/work/git/pclib/src/zlib-1.2.8/inffast.h">
         <Option target="LogicTest"/>
      </Unit>
      <Unit filename="/media/hz/work/git/pclib/src/zlib-1.2.8/inflate.c">
         <Option target="LogicTest"/>
      </Unit>
      <Unit filename="/media/hz/work/git/pclib/src/zlib-1.2.8/inflate.h">
         <Option target="LogicTest"/>
      </Unit>
      <Unit filename="/media/hz/work/git/pclib/src/zlib-1.2.8/inftrees.c">
         <Option target="LogicTest"/>
      </Unit>
      <Unit filename="/media/hz/work/git/pclib/src/zlib-1.2.8/inftrees.h">
         <Option target="LogicTest"/>
      </Unit>
      <Unit filename="/media/hz/work/git/pclib/src/zlib-1.2.8/trees.c">
         <Option target="LogicTest"/>
      </Unit>
      <Unit filename="/media/hz/work/git/pclib/src/zlib-1.2.8/trees.h">
         <Option target="LogicTest"/>
      </Unit>
      <Unit filename="/media/hz/work/git/pclib/src/zlib-1.2.8/uncompr.c">
         <Option target="LogicTest"/>
      </Unit>
      <Unit filename="/media/hz/work/git/pclib/src/zlib-1.2.8/zutil.c">
         <Option target="LogicTest"/>
      </Unit>
      <Unit filename="/media/hz/work/git/pclib/src/zlib-1.2.8/zutil.h">
         <Option target="LogicTest"/>
      </Unit>
      <Unit filename="/media/hz/work/git/pclib/CMakeLists.txt">
          <Option virtualFolder="CMake Files\" />
      </Unit>
   </Project>
</CodeBlocks_project_file>
